{
  "nodes": {
    "nixpkgs": {
      "locked": {
        "lastModified": 1675362331,
        "narHash": "sha256-VmcnKPj5gJLxWK7Bxlhg2LoQvhKRss7Ax+uoFjd3qKY=",
        "path": "/nix/store/n14283gcxp1l2qj0h53lngw4rl4y9xkd-source",
        "rev": "a100acd7bbf105915b0004427802286c37738fef",
        "type": "path"
      },
      "original": {
        "id": "nixpkgs",
        "type": "indirect"
      }
    },
    "root": {
      "inputs": {
        "nixpkgs": "nixpkgs"
      }
    }
  },
  "root": "root",
  "version": 7
}
